
Microsoft Visual Studio Solution File, Format Version 12.00
# Visual Studio Version 16
VisualStudioVersion = 16.0.29215.179
MinimumVisualStudioVersion = 10.0.40219.1
Project("{FAE04EC0-301F-11D3-BF4B-00C04F79EFBC}") = "ConsoleGoogleBucket", "ConsoleGoogleBucket\ConsoleGoogleBucket.csproj", "{2E4A40C6-AB7D-4377-BD48-CA1CDE17EBDE}"
EndProject
Global
	GlobalSection(SolutionConfigurationPlatforms) = preSolution
		Debug|Any CPU = Debug|Any CPU
		Release|Any CPU = Release|Any CPU
	EndGlobalSection
	GlobalSection(ProjectConfigurationPlatforms) = postSolution
		{2E4A40C6-AB7D-4377-BD48-CA1CDE17EBDE}.Debug|Any CPU.ActiveCfg = Debug|Any CPU
		{2E4A40C6-AB7D-4377-BD48-CA1CDE17EBDE}.Debug|Any CPU.Build.0 = Debug|Any CPU
		{2E4A40C6-AB7D-4377-BD48-CA1CDE17EBDE}.Release|Any CPU.ActiveCfg = Release|Any CPU
		{2E4A40C6-AB7D-4377-BD48-CA1CDE17EBDE}.Release|Any CPU.Build.0 = Release|Any CPU
	EndGlobalSection
	GlobalSection(SolutionProperties) = preSolution
		HideSolutionNode = FALSE
	EndGlobalSection
	GlobalSection(ExtensibilityGlobals) = postSolution
		SolutionGuid = {19543CF4-A575-4B76-9EA1-55D240133AF5}
	EndGlobalSection
EndGlobal
